// !$*UTF8*$!
{
	archiveVersion = 1;
	classes = {
	};
	objectVersion = 50;
	objects = {

/* Begin PBXBuildFile section */
		432A22F6212E54F50092A256 /* AppDelegate.swift in Sources */ = {isa = PBXBuildFile; fileRef = 432A22F5212E54F50092A256 /* AppDelegate.swift */; };
		432A22F8212E54F50092A256 /* ViewController.swift in Sources */ = {isa = PBXBuildFile; fileRef = 432A22F7212E54F50092A256 /* ViewController.swift */; };
		432A22FB212E54F50092A256 /* Main.storyboard in Resources */ = {isa = PBXBuildFile; fileRef = 432A22F9212E54F50092A256 /* Main.storyboard */; };
		432A22FD212E54F60092A256 /* Assets.xcassets in Resources */ = {isa = PBXBuildFile; fileRef = 432A22FC212E54F60092A256 /* Assets.xcassets */; };
		432A2300212E54F60092A256 /* LaunchScreen.storyboard in Resources */ = {isa = PBXBuildFile; fileRef = 432A22FE212E54F60092A256 /* LaunchScreen.storyboard */; };
		432A230C212E56200092A256 /* UIImage+Additions.m in Sources */ = {isa = PBXBuildFile; fileRef = 432A230B212E56200092A256 /* UIImage+Additions.m */; };
		43478B5221338FC300A50DB8 /* BaseTableViewController.swift in Sources */ = {isa = PBXBuildFile; fileRef = 43478B5121338FC300A50DB8 /* BaseTableViewController.swift */; };
		4386A257212FE30C002B7BAF /* MainViewController.swift in Sources */ = {isa = PBXBuildFile; fileRef = 4386A256212FE30C002B7BAF /* MainViewController.swift */; };
		4386A25A212FE4E9002B7BAF /* TestViewController.swift in Sources */ = {isa = PBXBuildFile; fileRef = 4386A259212FE4E9002B7BAF /* TestViewController.swift */; };
		4386A260212FE95A002B7BAF /* UIColor+RandomColor.swift in Sources */ = {isa = PBXBuildFile; fileRef = 4386A25F212FE95A002B7BAF /* UIColor+RandomColor.swift */; };
		A4F6AE8EE83A350916408668 /* Pods_MyAdditions.framework in Frameworks */ = {isa = PBXBuildFile; fileRef = 6F0F2D63619486DE801C60F2 /* Pods_MyAdditions.framework */; };
/* End PBXBuildFile section */

/* Begin PBXFileReference section */
		00D194BFB2C85E53B5D04B24 /* Pods-MyAdditions.debug.xcconfig */ = {isa = PBXFileReference; includeInIndex = 1; lastKnownFileType = text.xcconfig; name = "Pods-MyAdditions.debug.xcconfig"; path = "Pods/Target Support Files/Pods-MyAdditions/Pods-MyAdditions.debug.xcconfig"; sourceTree = "<group>"; };
		432A22F2212E54F50092A256 /* MyAdditions.app */ = {isa = PBXFileReference; explicitFileType = wrapper.application; includeInIndex = 0; path = MyAdditions.app; sourceTree = BUILT_PRODUCTS_DIR; };
		432A22F5212E54F50092A256 /* AppDelegate.swift */ = {isa = PBXFileReference; lastKnownFileType = sourcecode.swift; path = AppDelegate.swift; sourceTree = "<group>"; };
		432A22F7212E54F50092A256 /* ViewController.swift */ = {isa = PBXFileReference; lastKnownFileType = sourcecode.swift; path = ViewController.swift; sourceTree = "<group>"; };
		432A22FA212E54F50092A256 /* Base */ = {isa = PBXFileReference; lastKnownFileType = file.storyboard; name = Base; path = Base.lproj/Main.storyboard; sourceTree = "<group>"; };
		432A22FC212E54F60092A256 /* Assets.xcassets */ = {isa = PBXFileReference; lastKnownFileType = folder.assetcatalog; path = Assets.xcassets; sourceTree = "<group>"; };
		432A22FF212E54F60092A256 /* Base */ = {isa = PBXFileReference; lastKnownFileType = file.storyboard; name = Base; path = Base.lproj/LaunchScreen.storyboard; sourceTree = "<group>"; };
		432A2301212E54F60092A256 /* Info.plist */ = {isa = PBXFileReference; lastKnownFileType = text.plist.xml; path = Info.plist; sourceTree = "<group>"; };
		432A2309212E561F0092A256 /* MyAdditions-Bridging-Header.h */ = {isa = PBXFileReference; lastKnownFileType = sourcecode.c.h; path = "MyAdditions-Bridging-Header.h"; sourceTree = "<group>"; };
		432A230A212E56200092A256 /* UIImage+Additions.h */ = {isa = PBXFileReference; fileEncoding = 4; lastKnownFileType = sourcecode.c.h; path = "UIImage+Additions.h"; sourceTree = "<group>"; };
		432A230B212E56200092A256 /* UIImage+Additions.m */ = {isa = PBXFileReference; fileEncoding = 4; lastKnownFileType = sourcecode.c.objc; path = "UIImage+Additions.m"; sourceTree = "<group>"; };
		43478B5121338FC300A50DB8 /* BaseTableViewController.swift */ = {isa = PBXFileReference; lastKnownFileType = sourcecode.swift; path = BaseTableViewController.swift; sourceTree = "<group>"; };
		4386A256212FE30C002B7BAF /* MainViewController.swift */ = {isa = PBXFileReference; lastKnownFileType = sourcecode.swift; path = MainViewController.swift; sourceTree = "<group>"; };
		4386A259212FE4E9002B7BAF /* TestViewController.swift */ = {isa = PBXFileReference; lastKnownFileType = sourcecode.swift; path = TestViewController.swift; sourceTree = "<group>"; };
		4386A25F212FE95A002B7BAF /* UIColor+RandomColor.swift */ = {isa = PBXFileReference; lastKnownFileType = sourcecode.swift; path = "UIColor+RandomColor.swift"; sourceTree = "<group>"; };
		6F0F2D63619486DE801C60F2 /* Pods_MyAdditions.framework */ = {isa = PBXFileReference; explicitFileType = wrapper.framework; includeInIndex = 0; path = Pods_MyAdditions.framework; sourceTree = BUILT_PRODUCTS_DIR; };
		BDF21F9414B02C2ED9792A62 /* Pods-MyAdditions.release.xcconfig */ = {isa = PBXFileReference; includeInIndex = 1; lastKnownFileType = text.xcconfig; name = "Pods-MyAdditions.release.xcconfig"; path = "Pods/Target Support Files/Pods-MyAdditions/Pods-MyAdditions.release.xcconfig"; sourceTree = "<group>"; };
/* End PBXFileReference section */

/* Begin PBXFrameworksBuildPhase section */
		432A22EF212E54F50092A256 /* Frameworks */ = {
			isa = PBXFrameworksBuildPhase;
			buildActionMask = 2147483647;
			files = (
				A4F6AE8EE83A350916408668 /* Pods_MyAdditions.framework in Frameworks */,
			);
			runOnlyForDeploymentPostprocessing = 0;
		};
/* End PBXFrameworksBuildPhase section */

/* Begin PBXGroup section */
		0B1AC6FC2C7EB0D704B0B2B5 /* Frameworks */ = {
			isa = PBXGroup;
			children = (
				6F0F2D63619486DE801C60F2 /* Pods_MyAdditions.framework */,
			);
			name = Frameworks;
			sourceTree = "<group>";
		};
		432A22E9212E54F50092A256 = {
			isa = PBXGroup;
			children = (
				432A22F4212E54F50092A256 /* MyAdditions */,
				432A22F3212E54F50092A256 /* Products */,
				C1F367B8B4BE2E8C745954BE /* Pods */,
				0B1AC6FC2C7EB0D704B0B2B5 /* Frameworks */,
			);
			sourceTree = "<group>";
		};
		432A22F3212E54F50092A256 /* Products */ = {
			isa = PBXGroup;
			children = (
				432A22F2212E54F50092A256 /* MyAdditions.app */,
			);
			name = Products;
			sourceTree = "<group>";
		};
		432A22F4212E54F50092A256 /* MyAdditions */ = {
			isa = PBXGroup;
			children = (
				4386A25E212FE930002B7BAF /* Additions_swift */,
				4386A258212FE487002B7BAF /* Test */,
				4386A255212FE241002B7BAF /* MainFrame */,
				432A2307212E55B40092A256 /* Additions */,
				432A22F5212E54F50092A256 /* AppDelegate.swift */,
				432A22F7212E54F50092A256 /* ViewController.swift */,
				432A22F9212E54F50092A256 /* Main.storyboard */,
				432A22FC212E54F60092A256 /* Assets.xcassets */,
				432A22FE212E54F60092A256 /* LaunchScreen.storyboard */,
				432A2301212E54F60092A256 /* Info.plist */,
			);
			path = MyAdditions;
			sourceTree = "<group>";
		};
		432A2307212E55B40092A256 /* Additions */ = {
			isa = PBXGroup;
			children = (
				432A230A212E56200092A256 /* UIImage+Additions.h */,
				432A230B212E56200092A256 /* UIImage+Additions.m */,
				432A2309212E561F0092A256 /* MyAdditions-Bridging-Header.h */,
			);
			path = Additions;
			sourceTree = "<group>";
		};
		4386A255212FE241002B7BAF /* MainFrame */ = {
			isa = PBXGroup;
			children = (
				4386A256212FE30C002B7BAF /* MainViewController.swift */,
				43478B5121338FC300A50DB8 /* BaseTableViewController.swift */,
			);
			path = MainFrame;
			sourceTree = "<group>";
		};
		4386A258212FE487002B7BAF /* Test */ = {
			isa = PBXGroup;
			children = (
				4386A259212FE4E9002B7BAF /* TestViewController.swift */,
			);
			path = Test;
			sourceTree = "<group>";
		};
		4386A25E212FE930002B7BAF /* Additions_swift */ = {
			isa = PBXGroup;
			children = (
				4386A25F212FE95A002B7BAF /* UIColor+RandomColor.swift */,
			);
			path = Additions_swift;
			sourceTree = "<group>";
		};
		C1F367B8B4BE2E8C745954BE /* Pods */ = {
			isa = PBXGroup;
			children = (
				00D194BFB2C85E53B5D04B24 /* Pods-MyAdditions.debug.xcconfig */,
				BDF21F9414B02C2ED9792A62 /* Pods-MyAdditions.release.xcconfig */,
			);
			name = Pods;
			sourceTree = "<group>";
		};
/* End PBXGroup section */

/* Begin PBXNativeTarget section */
		432A22F1212E54F50092A256 /* MyAdditions */ = {
			isa = PBXNativeTarget;
			buildConfigurationList = 432A2304212E54F60092A256 /* Build configuration list for PBXNativeTarget "MyAdditions" */;
			buildPhases = (
				AE859F3B5A4A961C8EB2AD0A /* [CP] Check Pods Manifest.lock */,
				432A22EE212E54F50092A256 /* Sources */,
				432A22EF212E54F50092A256 /* Frameworks */,
				432A22F0212E54F50092A256 /* Resources */,
				715F1ED3BB5D681046F5059C /* [CP] Embed Pods Frameworks */,
			);
			buildRules = (
			);
			dependencies = (
			);
			name = MyAdditions;
			productName = MyAdditions;
			productReference = 432A22F2212E54F50092A256 /* MyAdditions.app */;
			productType = "com.apple.product-type.application";
		};
/* End PBXNativeTarget section */

/* Begin PBXProject section */
		432A22EA212E54F50092A256 /* Project object */ = {
			isa = PBXProject;
			attributes = {
				LastSwiftUpdateCheck = 0940;
				LastUpgradeCheck = 0940;
				ORGANIZATIONNAME = FFine;
				TargetAttributes = {
					432A22F1212E54F50092A256 = {
						CreatedOnToolsVersion = 9.4.1;
						LastSwiftMigration = 0940;
					};
				};
			};
			buildConfigurationList = 432A22ED212E54F50092A256 /* Build configuration list for PBXProject "MyAdditions" */;
			compatibilityVersion = "Xcode 9.3";
			developmentRegion = en;
			hasScannedForEncodings = 0;
			knownRegions = (
				en,
				Base,
			);
			mainGroup = 432A22E9212E54F50092A256;
			productRefGroup = 432A22F3212E54F50092A256 /* Products */;
			projectDirPath = "";
			projectRoot = "";
			targets = (
				432A22F1212E54F50092A256 /* MyAdditions */,
			);
		};
/* End PBXProject section */

/* Begin PBXResourcesBuildPhase section */
		432A22F0212E54F50092A256 /* Resources */ = {
			isa = PBXResourcesBuildPhase;
			buildActionMask = 2147483647;
			files = (
				432A2300212E54F60092A256 /* LaunchScreen.storyboard in Resources */,
				432A22FD212E54F60092A256 /* Assets.xcassets in Resources */,
				432A22FB212E54F50092A256 /* Main.storyboard in Resources */,
			);
			runOnlyForDeploymentPostprocessing = 0;
		};
/* End PBXResourcesBuildPhase section */

/* Begin PBXShellScriptBuildPhase section */
		715F1ED3BB5D681046F5059C /* [CP] Embed Pods Frameworks */ = {
			isa = PBXShellScriptBuildPhase;
			buildActionMask = 2147483647;
			files = (
			);
			inputPaths = (
				"${SRCROOT}/Pods/Target Support Files/Pods-MyAdditions/Pods-MyAdditions-frameworks.sh",
				"${BUILT_PRODUCTS_DIR}/AFNetworking/AFNetworking.framework",
				"${BUILT_PRODUCTS_DIR}/FMDB/FMDB.framework",
				"${BUILT_PRODUCTS_DIR}/YYModel/YYModel.framework",
			);
			name = "[CP] Embed Pods Frameworks";
			outputPaths = (
				"${TARGET_BUILD_DIR}/${FRAMEWORKS_FOLDER_PATH}/AFNetworking.framework",
				"${TARGET_BUILD_DIR}/${FRAMEWORKS_FOLDER_PATH}/FMDB.framework",
				"${TARGET_BUILD_DIR}/${FRAMEWORKS_FOLDER_PATH}/YYModel.framework",
			);
			runOnlyForDeploymentPostprocessing = 0;
			shellPath = /bin/sh;
			shellScript = "\"${SRCROOT}/Pods/Target Support Files/Pods-MyAdditions/Pods-MyAdditions-frameworks.sh\"\n";
			showEnvVarsInLog = 0;
		};
		AE859F3B5A4A961C8EB2AD0A /* [CP] Check Pods Manifest.lock */ = {
			isa = PBXShellScriptBuildPhase;
			buildActionMask = 2147483647;
			files = (
			);
			inputPaths = (
				"${PODS_PODFILE_DIR_PATH}/Podfile.lock",
				"${PODS_ROOT}/Manifest.lock",
			);
			name = "[CP] Check Pods Manifest.lock";
			outputPaths = (
				"$(DERIVED_FILE_DIR)/Pods-MyAdditions-checkManifestLockResult.txt",
			);
			runOnlyForDeploymentPostprocessing = 0;
			shellPath = /bin/sh;
			shellScript = "diff \"${PODS_PODFILE_DIR_PATH}/Podfile.lock\" \"${PODS_ROOT}/Manifest.lock\" > /dev/null\nif [ $? != 0 ] ; then\n    # print error to STDERR\n    echo \"error: The sandbox is not in sync with the Podfile.lock. Run 'pod install' or update your CocoaPods installation.\" >&2\n    exit 1\nfi\n# This output is used by Xcode 'outputs' to avoid re-running this script phase.\necho \"SUCCESS\" > \"${SCRIPT_OUTPUT_FILE_0}\"\n";
			showEnvVarsInLog = 0;
		};
/* End PBXShellScriptBuildPhase section */

/* Begin PBXSourcesBuildPhase section */
		432A22EE212E54F50092A256 /* Sources */ = {
			isa = PBXSourcesBuildPhase;
			buildActionMask = 2147483647;
			files = (
				4386A25A212FE4E9002B7BAF /* TestViewController.swift in Sources */,
				432A22F8212E54F50092A256 /* ViewController.swift in Sources */,
				432A230C212E56200092A256 /* UIImage+Additions.m in Sources */,
				43478B5221338FC300A50DB8 /* BaseTableViewController.swift in Sources */,
				432A22F6212E54F50092A256 /* AppDelegate.swift in Sources */,
				4386A260212FE95A002B7BAF /* UIColor+RandomColor.swift in Sources */,
				4386A257212FE30C002B7BAF /* MainViewController.swift in Sources */,
			);
			runOnlyForDeploymentPostprocessing = 0;
		};
/* End PBXSourcesBuildPhase section */

/* Begin PBXVariantGroup section */
		432A22F9212E54F50092A256 /* Main.storyboard */ = {
			isa = PBXVariantGroup;
			children = (
				432A22FA212E54F50092A256 /* Base */,
			);
			name = Main.storyboard;
			sourceTree = "<group>";
		};
		432A22FE212E54F60092A256 /* LaunchScreen.storyboard */ = {
			isa = PBXVariantGroup;
			children = (
				432A22FF212E54F60092A256 /* Base */,
			);
			name = LaunchScreen.storyboard;
			sourceTree = "<group>";
		};
/* End PBXVariantGroup section */

/* Begin XCBuildConfiguration section */
		432A2302212E54F60092A256 /* Debug */ = {
			isa = XCBuildConfiguration;
			buildSettings = {
				ALWAYS_SEARCH_USER_PATHS = NO;
				CLANG_ANALYZER_NONNULL = YES;
				CLANG_ANALYZER_NUMBER_OBJECT_CONVERSION = YES_AGGRESSIVE;
				CLANG_CXX_LANGUAGE_STANDARD = "gnu++14";
				CLANG_CXX_LIBRARY = "libc++";
				CLANG_ENABLE_MODULES = YES;
				CLANG_ENABLE_OBJC_ARC = YES;
				CLANG_ENABLE_OBJC_WEAK = YES;
				CLANG_WARN_BLOCK_CAPTURE_AUTORELEASING = YES;
				CLANG_WARN_BOOL_CONVERSION = YES;
				CLANG_WARN_COMMA = YES;
				CLANG_WARN_CONSTANT_CONVERSION = YES;
				CLANG_WARN_DEPRECATED_OBJC_IMPLEMENTATIONS = YES;
				CLANG_WARN_DIRECT_OBJC_ISA_USAGE = YES_ERROR;
				CLANG_WARN_DOCUMENTATION_COMMENTS = YES;
				CLANG_WARN_EMPTY_BODY = YES;
				CLANG_WARN_ENUM_CONVERSION = YES;
				CLANG_WARN_INFINITE_RECURSION = YES;
				CLANG_WARN_INT_CONVERSION = YES;
				CLANG_WARN_NON_LITERAL_NULL_CONVERSION = YES;
				CLANG_WARN_OBJC_IMPLICIT_RETAIN_SELF = YES;
				CLANG_WARN_OBJC_LITERAL_CONVERSION = YES;
				CLANG_WARN_OBJC_ROOT_CLASS = YES_ERROR;
				CLANG_WARN_RANGE_LOOP_ANALYSIS = YES;
				CLANG_WARN_STRICT_PROTOTYPES = YES;
				CLANG_WARN_SUSPICIOUS_MOVE = YES;
				CLANG_WARN_UNGUARDED_AVAILABILITY = YES_AGGRESSIVE;
				CLANG_WARN_UNREACHABLE_CODE = YES;
				CLANG_WARN__DUPLICATE_METHOD_MATCH = YES;
				CODE_SIGN_IDENTITY = "iPhone Developer";
				COPY_PHASE_STRIP = NO;
				DEBUG_INFORMATION_FORMAT = dwarf;
				ENABLE_STRICT_OBJC_MSGSEND = YES;
				ENABLE_TESTABILITY = YES;
				GCC_C_LANGUAGE_STANDARD = gnu11;
				GCC_DYNAMIC_NO_PIC = NO;
				GCC_NO_COMMON_BLOCKS = YES;
				GCC_OPTIMIZATION_LEVEL = 0;
				GCC_PREPROCESSOR_DEFINITIONS = (
					"DEBUG=1",
					"$(inherited)",
				);
				GCC_WARN_64_TO_32_BIT_CONVERSION = YES;
				GCC_WARN_ABOUT_RETURN_TYPE = YES_ERROR;
				GCC_WARN_UNDECLARED_SELECTOR = YES;
				GCC_WARN_UNINITIALIZED_AUTOS = YES_AGGRESSIVE;
				GCC_WARN_UNUSED_FUNCTION = YES;
				GCC_WARN_UNUSED_VARIABLE = YES;
				IPHONEOS_DEPLOYMENT_TARGET = 11.4;
				MTL_ENABLE_DEBUG_INFO = YES;
				ONLY_ACTIVE_ARCH = YES;
				SDKROOT = iphoneos;
				SWIFT_ACTIVE_COMPILATION_CONDITIONS = DEBUG;
				SWIFT_OPTIMIZATION_LEVEL = "-Onone";
			};
			name = Debug;
		};
		432A2303212E54F60092A256 /* Release */ = {
			isa = XCBuildConfiguration;
			buildSettings = {
				ALWAYS_SEARCH_USER_PATHS = NO;
				CLANG_ANALYZER_NONNULL = YES;
				CLANG_ANALYZER_NUMBER_OBJECT_CONVERSION = YES_AGGRESSIVE;
				CLANG_CXX_LANGUAGE_STANDARD = "gnu++14";
				CLANG_CXX_LIBRARY = "libc++";
				CLANG_ENABLE_MODULES = YES;
				CLANG_ENABLE_OBJC_ARC = YES;
				CLANG_ENABLE_OBJC_WEAK = YES;
				CLANG_WARN_BLOCK_CAPTURE_AUTORELEASING = YES;
				CLANG_WARN_BOOL_CONVERSION = YES;
				CLANG_WARN_COMMA = YES;
				CLANG_WARN_CONSTANT_CONVERSION = YES;
				CLANG_WARN_DEPRECATED_OBJC_IMPLEMENTATIONS = YES;
				CLANG_WARN_DIRECT_OBJC_ISA_USAGE = YES_ERROR;
				CLANG_WARN_DOCUMENTATION_COMMENTS = YES;
				CLANG_WARN_EMPTY_BODY = YES;
				CLANG_WARN_ENUM_CONVERSION = YES;
				CLANG_WARN_INFINITE_RECURSION = YES;
				CLANG_WARN_INT_CONVERSION = YES;
				CLANG_WARN_NON_LITERAL_NULL_CONVERSION = YES;
				CLANG_WARN_OBJC_IMPLICIT_RETAIN_SELF = YES;
				CLANG_WARN_OBJC_LITERAL_CONVERSION = YES;
				CLANG_WARN_OBJC_ROOT_CLASS = YES_ERROR;
				CLANG_WARN_RANGE_LOOP_ANALYSIS = YES;
				CLANG_WARN_STRICT_PROTOTYPES = YES;
				CLANG_WARN_SUSPICIOUS_MOVE = YES;
				CLANG_WARN_UNGUARDED_AVAILABILITY = YES_AGGRESSIVE;
				CLANG_WARN_UNREACHABLE_CODE = YES;
				CLANG_WARN__DUPLICATE_METHOD_MATCH = YES;
				CODE_SIGN_IDENTITY = "iPhone Developer";
				COPY_PHASE_STRIP = NO;
				DEBUG_INFORMATION_FORMAT = "dwarf-with-dsym";
				ENABLE_NS_ASSERTIONS = NO;
				ENABLE_STRICT_OBJC_MSGSEND = YES;
				GCC_C_LANGUAGE_STANDARD = gnu11;
				GCC_NO_COMMON_BLOCKS = YES;
				GCC_WARN_64_TO_32_BIT_CONVERSION = YES;
				GCC_WARN_ABOUT_RETURN_TYPE = YES_ERROR;
				GCC_WARN_UNDECLARED_SELECTOR = YES;
				GCC_WARN_UNINITIALIZED_AUTOS = YES_AGGRESSIVE;
				GCC_WARN_UNUSED_FUNCTION = YES;
				GCC_WARN_UNUSED_VARIABLE = YES;
				IPHONEOS_DEPLOYMENT_TARGET = 11.4;
				MTL_ENABLE_DEBUG_INFO = NO;
				SDKROOT = iphoneos;
				SWIFT_COMPILATION_MODE = wholemodule;
				SWIFT_OPTIMIZATION_LEVEL = "-O";
				VALIDATE_PRODUCT = YES;
			};
			name = Release;
		};
		432A2305212E54F60092A256 /* Debug */ = {
			isa = XCBuildConfiguration;
			baseConfigurationReference = 00D194BFB2C85E53B5D04B24 /* Pods-MyAdditions.debug.xcconfig */;
			buildSettings = {
				ASSETCATALOG_COMPILER_APPICON_NAME = AppIcon;
				CLANG_ENABLE_MODULES = YES;
				CODE_SIGN_STYLE = Automatic;
				DEVELOPMENT_TEAM = PESCU4X9T6;
				INFOPLIST_FILE = MyAdditions/Info.plist;
				LD_RUNPATH_SEARCH_PATHS = "$(inherited) @executable_path/Frameworks";
				PRODUCT_BUNDLE_IDENTIFIER = com.wang.fan.MyAdditions;
				PRODUCT_NAME = "$(TARGET_NAME)";
				SWIFT_OBJC_BRIDGING_HEADER = "MyAdditions/Additions/MyAdditions-Bridging-Header.h";
				SWIFT_OPTIMIZATION_LEVEL = "-Onone";
				SWIFT_VERSION = 4.0;
				TARGETED_DEVICE_FAMILY = "1,2";
			};
			name = Debug;
		};
		432A2306212E54F60092A256 /* Release */ = {
			isa = XCBuildConfiguration;
			baseConfigurationReference = BDF21F9414B02C2ED9792A62 /* Pods-MyAdditions.release.xcconfig */;
			buildSettings = {
				ASSETCATALOG_COMPILER_APPICON_NAME = AppIcon;
				CLANG_ENABLE_MODULES = YES;
				CODE_SIGN_STYLE = Automatic;
				DEVELOPMENT_TEAM = PESCU4X9T6;
				INFOPLIST_FILE = MyAdditions/Info.plist;
				LD_RUNPATH_SEARCH_PATHS = "$(inherited) @executable_path/Frameworks";
				PRODUCT_BUNDLE_IDENTIFIER = com.wang.fan.MyAdditions;
				PRODUCT_NAME = "$(TARGET_NAME)";
				SWIFT_OBJC_BRIDGING_HEADER = "MyAdditions/Additions/MyAdditions-Bridging-Header.h";
				SWIFT_VERSION = 4.0;
				TARGETED_DEVICE_FAMILY = "1,2";
			};
			name = Release;
		};
/* End XCBuildConfiguration section */

/* Begin XCConfigurationList section */
		432A22ED212E54F50092A256 /* Build configuration list for PBXProject "MyAdditions" */ = {
			isa = XCConfigurationList;
			buildConfigurations = (
				432A2302212E54F60092A256 /* Debug */,
				432A2303212E54F60092A256 /* Release */,
			);
			defaultConfigurationIsVisible = 0;
			defaultConfigurationName = Release;
		};
		432A2304212E54F60092A256 /* Build configuration list for PBXNativeTarget "MyAdditions" */ = {
			isa = XCConfigurationList;
			buildConfigurations = (
				432A2305212E54F60092A256 /* Debug */,
				432A2306212E54F60092A256 /* Release */,
			);
			defaultConfigurationIsVisible = 0;
			defaultConfigurationName = Release;
		};
/* End XCConfigurationList section */
	};
	rootObject = 432A22EA212E54F50092A256 /* Project object */;
}
